Microsoft Visual Studio Solution File, Format Version 12.00
# Visual Studio 2012
Project("{FAE04EC0-301F-11D3-BF4B-00C04F79EFBC}") = "audio-browser", "audio-browser.csproj", "{ED0F31B0-77CE-46F7-9C27-06655892C3BB}"
EndProject
Global
	GlobalSection(SolutionConfigurationPlatforms) = preSolution
	Debug|Any CPU = Debug|Any CPU
	ExportDebug|Any CPU = ExportDebug|Any CPU
	ExportRelease|Any CPU = ExportRelease|Any CPU
	EndGlobalSection
	GlobalSection(ProjectConfigurationPlatforms) = postSolution
		{ED0F31B0-77CE-46F7-9C27-06655892C3BB}.Debug|Any CPU.ActiveCfg = Debug|Any CPU
		{ED0F31B0-77CE-46F7-9C27-06655892C3BB}.Debug|Any CPU.Build.0 = Debug|Any CPU
		{ED0F31B0-77CE-46F7-9C27-06655892C3BB}.ExportDebug|Any CPU.ActiveCfg = ExportDebug|Any CPU
		{ED0F31B0-77CE-46F7-9C27-06655892C3BB}.ExportDebug|Any CPU.Build.0 = ExportDebug|Any CPU
		{ED0F31B0-77CE-46F7-9C27-06655892C3BB}.ExportRelease|Any CPU.ActiveCfg = ExportRelease|Any CPU
		{ED0F31B0-77CE-46F7-9C27-06655892C3BB}.ExportRelease|Any CPU.Build.0 = ExportRelease|Any CPU
	EndGlobalSection
EndGlobal
